<?xml version="1.0" encoding="utf-8"?>
<Project ToolsVersion="4.0" xmlns="http://schemas.microsoft.com/developer/msbuild/2003">
  <ItemGroup>
    <Filter Include="Source Files">
      <UniqueIdentifier>{4FC737F1-C7A5-4376-A066-2A32D752A2FF}</UniqueIdentifier>
      <Extensions>cpp;c;cc;cxx;def;odl;idl;hpj;bat;asm;asmx</Extensions>
    </Filter>
    <Filter Include="Header Files">
      <UniqueIdentifier>{93995380-89BD-4b04-88EB-625FBE52EBFB}</UniqueIdentifier>
      <Extensions>h;hh;hpp;hxx;hm;inl;inc;ipp;xsd</Extensions>
    </Filter>
    <Filter Include="Resource Files">
      <UniqueIdentifier>{67DA6AB6-F800-4c08-8B7A-83BB121AAD01}</UniqueIdentifier>
      <Extensions>rc;ico;cur;bmp;dlg;rc2;rct;bin;rgs;gif;jpg;jpeg;jpe;resx;tiff;tif;png;wav;mfcribbon-ms</Extensions>
    </Filter>
  </ItemGroup>
  <ItemGroup>
    <ClCompile Include="source\main.cpp">
      <Filter>Source Files</Filter>
    </ClCompile>
    <ClCompile Include="source\Game\Camera.cpp">
      <Filter>Source Files</Filter>
    </ClCompile>
    <ClCompile Include="source\Game\Game.cpp">
      <Filter>Source Files</Filter>
    </ClCompile>
    <ClCompile Include="source\Engine\Event.cpp">
      <Filter>Source Files</Filter>
    </ClCompile>
    <ClCompile Include="source\Engine\InputManager.cpp">
      <Filter>Source Files</Filter>
    </ClCompile>
    <ClCompile Include="source\Common\SimplexNoise.cpp">
      <Filter>Source Files</Filter>
    </ClCompile>
    <ClCompile Include="source\Game\Terrain\ModelPlacer.cpp">
      <Filter>Source Files</Filter>
    </ClCompile>
    <ClCompile Include="source\Game\Terrain\PlantPlacer.cpp">
      <Filter>Source Files</Filter>
    </ClCompile>
    <ClCompile Include="source\Game\Terrain\Terrain.cpp">
      <Filter>Source Files</Filter>
    </ClCompile>
    <ClCompile Include="source\AI\Recast\Helpers\RecastInputGeom.cpp">
      <Filter>Source Files</Filter>
    </ClCompile>
    <ClCompile Include="source\AI\Recast\Source\Recast.cpp">
      <Filter>Source Files</Filter>
    </ClCompile>
    <ClCompile Include="source\AI\Recast\Source\RecastAlloc.cpp">
      <Filter>Source Files</Filter>
    </ClCompile>
    <ClCompile Include="source\AI\Recast\Source\RecastArea.cpp">
      <Filter>Source Files</Filter>
    </ClCompile>
    <ClCompile Include="source\AI\Recast\Source\RecastAssert.cpp">
      <Filter>Source Files</Filter>
    </ClCompile>
    <ClCompile Include="source\AI\Recast\Source\RecastContour.cpp">
      <Filter>Source Files</Filter>
    </ClCompile>
    <ClCompile Include="source\AI\Recast\Source\RecastFilter.cpp">
      <Filter>Source Files</Filter>
    </ClCompile>
    <ClCompile Include="source\AI\Recast\Source\RecastLayers.cpp">
      <Filter>Source Files</Filter>
    </ClCompile>
    <ClCompile Include="source\AI\Recast\Source\RecastMesh.cpp">
      <Filter>Source Files</Filter>
    </ClCompile>
    <ClCompile Include="source\AI\Recast\Source\RecastMeshDetail.cpp">
      <Filter>Source Files</Filter>
    </ClCompile>
    <ClCompile Include="source\AI\Recast\Source\RecastRasterization.cpp">
      <Filter>Source Files</Filter>
    </ClCompile>
    <ClCompile Include="source\AI\Recast\Source\RecastRegion.cpp">
      <Filter>Source Files</Filter>
    </ClCompile>
    <ClCompile Include="source\AI\AIAgent.cpp">
      <Filter>Source Files</Filter>
    </ClCompile>
    <ClCompile Include="NavMeshBuilder.cpp">
      <Filter>Source Files</Filter>
    </ClCompile>
    <ClCompile Include="source\Game\Terrain\HydraulicErosion.cpp">
      <Filter>Source Files</Filter>
    </ClCompile>
    <ClCompile Include="source\Game\Terrain\PoissonDiscSampling.cpp">
      <Filter>Source Files</Filter>
    </ClCompile>
    <ClCompile Include="source\Game\PoissonMeshInstance.cpp">
      <Filter>Source Files</Filter>
    </ClCompile>
    <ClCompile Include="source\PagedGeometry\BatchedGeometry.cpp">
      <Filter>Source Files</Filter>
    </ClCompile>
    <ClCompile Include="source\PagedGeometry\BatchPage.cpp">
      <Filter>Source Files</Filter>
    </ClCompile>
    <ClCompile Include="source\PagedGeometry\GrassLoader.cpp">
      <Filter>Source Files</Filter>
    </ClCompile>
    <ClCompile Include="source\PagedGeometry\ImpostorPage.cpp">
      <Filter>Source Files</Filter>
    </ClCompile>
    <ClCompile Include="source\PagedGeometry\PagedGeometry.cpp">
      <Filter>Source Files</Filter>
    </ClCompile>
    <ClCompile Include="source\PagedGeometry\PropertyMaps.cpp">
      <Filter>Source Files</Filter>
    </ClCompile>
    <ClCompile Include="source\PagedGeometry\StaticBillboardSet.cpp">
      <Filter>Source Files</Filter>
    </ClCompile>
    <ClCompile Include="source\PagedGeometry\TreeLoader2D.cpp">
      <Filter>Source Files</Filter>
    </ClCompile>
    <ClCompile Include="source\PagedGeometry\TreeLoader3D.cpp">
      <Filter>Source Files</Filter>
    </ClCompile>
    <ClCompile Include="source\PagedGeometry\WindBatchedGeometry.cpp">
      <Filter>Source Files</Filter>
    </ClCompile>
    <ClCompile Include="source\PagedGeometry\WindBatchPage.cpp">
      <Filter>Source Files</Filter>
    </ClCompile>
    <ClCompile Include="source\Game\Terrain\Water.cpp">
      <Filter>Source Files</Filter>
    </ClCompile>
    <ClCompile Include="source\Game\Terrain\BiomeHandler.cpp">
      <Filter>Source Files</Filter>
    </ClCompile>
  </ItemGroup>
  <ItemGroup>
    <ClInclude Include="source\Game\Camera.h">
      <Filter>Header Files</Filter>
    </ClInclude>
    <ClInclude Include="source\Game\Game.h">
      <Filter>Header Files</Filter>
    </ClInclude>
    <ClInclude Include="source\Engine\Event.h">
      <Filter>Header Files</Filter>
    </ClInclude>
    <ClInclude Include="source\Common\HeightFunction.h">
      <Filter>Header Files</Filter>
    </ClInclude>
    <ClInclude Include="source\Common\Helpers.h">
      <Filter>Header Files</Filter>
    </ClInclude>
    <ClInclude Include="source\Engine\InputManager.h">
      <Filter>Header Files</Filter>
    </ClInclude>
    <ClInclude Include="source\Common\SimplexNoise.h">
      <Filter>Header Files</Filter>
    </ClInclude>
    <ClInclude Include="source\Game\Terrain\Terrain.h">
      <Filter>Header Files</Filter>
    </ClInclude>
    <ClInclude Include="source\Game\Terrain\ModelPlacer.h">
      <Filter>Header Files</Filter>
    </ClInclude>
    <ClInclude Include="source\Game\Terrain\PlantPlacer.h">
      <Filter>Header Files</Filter>
    </ClInclude>
    <ClInclude Include="source\AI\Recast\Helpers\RecastInputGeom.h">
      <Filter>Header Files</Filter>
    </ClInclude>
    <ClInclude Include="source\AI\Recast\Include\Recast.h">
      <Filter>Header Files</Filter>
    </ClInclude>
    <ClInclude Include="source\AI\Recast\Include\RecastAlloc.h">
      <Filter>Header Files</Filter>
    </ClInclude>
    <ClInclude Include="source\AI\Recast\Include\RecastAssert.h">
      <Filter>Header Files</Filter>
    </ClInclude>
    <ClInclude Include="source\AI\AIAgent.h">
      <Filter>Header Files</Filter>
    </ClInclude>
    <ClInclude Include="NavMeshBuilder.h">
      <Filter>Header Files</Filter>
    </ClInclude>
    <ClInclude Include="source\Game\Terrain\HydraulicErosion.h">
      <Filter>Header Files</Filter>
    </ClInclude>
    <ClInclude Include="source\Game\Terrain\PoissonDiscSampling.h">
      <Filter>Header Files</Filter>
    </ClInclude>
    <ClInclude Include="source\Game\Terrain\Water.h">
      <Filter>Header Files</Filter>
    </ClInclude>
    <ClInclude Include="source\Common\Poisson.h">
      <Filter>Header Files</Filter>
    </ClInclude>
    <ClInclude Include="source\Game\PoissonMeshInstance.h">
      <Filter>Header Files</Filter>
    </ClInclude>
    <ClInclude Include="source\PagedGeometry\WindBatchPage.h">
      <Filter>Header Files</Filter>
    </ClInclude>
    <ClInclude Include="source\PagedGeometry\BatchedGeometry.h">
      <Filter>Header Files</Filter>
    </ClInclude>
    <ClInclude Include="source\PagedGeometry\BatchPage.h">
      <Filter>Header Files</Filter>
    </ClInclude>
    <ClInclude Include="source\PagedGeometry\GrassLoader.h">
      <Filter>Header Files</Filter>
    </ClInclude>
    <ClInclude Include="source\PagedGeometry\ImpostorPage.h">
      <Filter>Header Files</Filter>
    </ClInclude>
    <ClInclude Include="source\PagedGeometry\PagedGeometry.h">
      <Filter>Header Files</Filter>
    </ClInclude>
    <ClInclude Include="source\PagedGeometry\PropertyMaps.h">
      <Filter>Header Files</Filter>
    </ClInclude>
    <ClInclude Include="source\PagedGeometry\RandomTable.h">
      <Filter>Header Files</Filter>
    </ClInclude>
    <ClInclude Include="source\PagedGeometry\StaticBillboardSet.h">
      <Filter>Header Files</Filter>
    </ClInclude>
    <ClInclude Include="source\PagedGeometry\TreeLoader2D.h">
      <Filter>Header Files</Filter>
    </ClInclude>
    <ClInclude Include="source\PagedGeometry\TreeLoader3D.h">
      <Filter>Header Files</Filter>
    </ClInclude>
    <ClInclude Include="source\PagedGeometry\WindBatchedGeometry.h">
      <Filter>Header Files</Filter>
    </ClInclude>
    <ClInclude Include="source\Engine\ShaderGenerator.h">
      <Filter>Header Files</Filter>
    </ClInclude>
    <ClInclude Include="source\Game\Terrain\BiomeHandler.h">
      <Filter>Header Files</Filter>
    </ClInclude>
  </ItemGroup>
</Project>