<?xml version="1.0" encoding="utf-8"?>
<Project ToolsVersion="4.0" xmlns="http://schemas.microsoft.com/developer/msbuild/2003">
  <ItemGroup>
    <Filter Include="Source Files">
      <UniqueIdentifier>{4FC737F1-C7A5-4376-A066-2A32D752A2FF}</UniqueIdentifier>
      <Extensions>cpp;c;cc;cxx;def;odl;idl;hpj;bat;asm;asmx</Extensions>
    </Filter>
    <Filter Include="Header Files">
      <UniqueIdentifier>{93995380-89BD-4b04-88EB-625FBE52EBFB}</UniqueIdentifier>
      <Extensions>h;hh;hpp;hxx;hm;inl;inc;ipp;xsd</Extensions>
    </Filter>
    <Filter Include="Resource Files">
      <UniqueIdentifier>{67DA6AB6-F800-4c08-8B7A-83BB121AAD01}</UniqueIdentifier>
      <Extensions>rc;ico;cur;bmp;dlg;rc2;rct;bin;rgs;gif;jpg;jpeg;jpe;resx;tiff;tif;png;wav;mfcribbon-ms</Extensions>
    </Filter>
  </ItemGroup>
  <ItemGroup>
    <ClCompile Include="source\pch.cpp">
      <Filter>Source Files</Filter>
    </ClCompile>
    <ClCompile Include="source\Town_Builder.cpp">
      <Filter>Source Files</Filter>
    </ClCompile>
    <ClCompile Include="source\Game.cpp">
      <Filter>Source Files</Filter>
    </ClCompile>
    <ClCompile Include="source\InputManager.cpp">
      <Filter>Source Files</Filter>
    </ClCompile>
    <ClCompile Include="source\Camera.cpp">
      <Filter>Source Files</Filter>
    </ClCompile>
    <ClCompile Include="source\Terrain.cpp">
      <Filter>Source Files</Filter>
    </ClCompile>
    <ClCompile Include="source\SimplexNoise.cpp">
      <Filter>Source Files</Filter>
    </ClCompile>
    <ClCompile Include="source\ModelPlacer.cpp">
      <Filter>Source Files</Filter>
    </ClCompile>
    <ClCompile Include="source\PlantPlacer.cpp">
      <Filter>Source Files</Filter>
    </ClCompile>
    <ClCompile Include="source\PagedGeometry\BatchedGeometry.cpp">
      <Filter>Source Files</Filter>
    </ClCompile>
    <ClCompile Include="source\PagedGeometry\BatchPage.cpp">
      <Filter>Source Files</Filter>
    </ClCompile>
    <ClCompile Include="source\PagedGeometry\GrassLoader.cpp">
      <Filter>Source Files</Filter>
    </ClCompile>
    <ClCompile Include="source\PagedGeometry\ImpostorPage.cpp">
      <Filter>Source Files</Filter>
    </ClCompile>
    <ClCompile Include="source\PagedGeometry\PagedGeometry.cpp">
      <Filter>Source Files</Filter>
    </ClCompile>
    <ClCompile Include="source\PagedGeometry\PropertyMaps.cpp">
      <Filter>Source Files</Filter>
    </ClCompile>
    <ClCompile Include="source\PagedGeometry\StaticBillboardSet.cpp">
      <Filter>Source Files</Filter>
    </ClCompile>
    <ClCompile Include="source\PagedGeometry\TreeLoader2D.cpp">
      <Filter>Source Files</Filter>
    </ClCompile>
    <ClCompile Include="source\PagedGeometry\TreeLoader3D.cpp">
      <Filter>Source Files</Filter>
    </ClCompile>
    <ClCompile Include="source\PagedGeometry\WindBatchedGeometry.cpp">
      <Filter>Source Files</Filter>
    </ClCompile>
    <ClCompile Include="source\PagedGeometry\WindBatchPage.cpp">
      <Filter>Source Files</Filter>
    </ClCompile>
    <ClCompile Include="deps\misc\fonts\binary_to_compressed_c.cpp">
      <Filter>Source Files</Filter>
    </ClCompile>
    <ClCompile Include="deps\misc\freetype\imgui_freetype.cpp">
      <Filter>Source Files</Filter>
    </ClCompile>
    <ClCompile Include="deps\imgui\imgui.cpp">
      <Filter>Source Files</Filter>
    </ClCompile>
    <ClCompile Include="deps\imgui\imgui_demo.cpp">
      <Filter>Source Files</Filter>
    </ClCompile>
    <ClCompile Include="deps\imgui\imgui_draw.cpp">
      <Filter>Source Files</Filter>
    </ClCompile>
    <ClCompile Include="deps\imgui\imgui_widgets.cpp">
      <Filter>Source Files</Filter>
    </ClCompile>
    <ClCompile Include="deps\imgui\ImguiManager.cpp">
      <Filter>Source Files</Filter>
    </ClCompile>
  </ItemGroup>
  <ItemGroup>
    <ClInclude Include="source\pch.h">
      <Filter>Header Files</Filter>
    </ClInclude>
    <ClInclude Include="source\Game.h">
      <Filter>Header Files</Filter>
    </ClInclude>
    <ClInclude Include="source\InputManager.h">
      <Filter>Header Files</Filter>
    </ClInclude>
    <ClInclude Include="source\Camera.h">
      <Filter>Header Files</Filter>
    </ClInclude>
    <ClInclude Include="source\Terrain.h">
      <Filter>Header Files</Filter>
    </ClInclude>
    <ClInclude Include="source\SimplexNoise.h">
      <Filter>Header Files</Filter>
    </ClInclude>
    <ClInclude Include="source\Helpers.h">
      <Filter>Header Files</Filter>
    </ClInclude>
    <ClInclude Include="source\ModelPlacer.h">
      <Filter>Header Files</Filter>
    </ClInclude>
    <ClInclude Include="source\PlantPlacer.h">
      <Filter>Header Files</Filter>
    </ClInclude>
    <ClInclude Include="source\PagedGeometry\BatchedGeometry.h">
      <Filter>Header Files</Filter>
    </ClInclude>
    <ClInclude Include="source\PagedGeometry\BatchPage.h">
      <Filter>Header Files</Filter>
    </ClInclude>
    <ClInclude Include="source\PagedGeometry\GrassLoader.h">
      <Filter>Header Files</Filter>
    </ClInclude>
    <ClInclude Include="source\PagedGeometry\ImpostorPage.h">
      <Filter>Header Files</Filter>
    </ClInclude>
    <ClInclude Include="source\PagedGeometry\PagedGeometry.h">
      <Filter>Header Files</Filter>
    </ClInclude>
    <ClInclude Include="source\PagedGeometry\PropertyMaps.h">
      <Filter>Header Files</Filter>
    </ClInclude>
    <ClInclude Include="source\PagedGeometry\RandomTable.h">
      <Filter>Header Files</Filter>
    </ClInclude>
    <ClInclude Include="source\PagedGeometry\StaticBillboardSet.h">
      <Filter>Header Files</Filter>
    </ClInclude>
    <ClInclude Include="source\PagedGeometry\TreeLoader2D.h">
      <Filter>Header Files</Filter>
    </ClInclude>
    <ClInclude Include="source\PagedGeometry\TreeLoader3D.h">
      <Filter>Header Files</Filter>
    </ClInclude>
    <ClInclude Include="source\PagedGeometry\WindBatchedGeometry.h">
      <Filter>Header Files</Filter>
    </ClInclude>
    <ClInclude Include="source\PagedGeometry\WindBatchPage.h">
      <Filter>Header Files</Filter>
    </ClInclude>
    <ClInclude Include="source\HeightFunction.h">
      <Filter>Header Files</Filter>
    </ClInclude>
    <ClInclude Include="deps\misc\freetype\imgui_freetype.h">
      <Filter>Header Files</Filter>
    </ClInclude>
    <ClInclude Include="deps\imgui\imconfig.h">
      <Filter>Header Files</Filter>
    </ClInclude>
    <ClInclude Include="deps\imgui\imgui.h">
      <Filter>Header Files</Filter>
    </ClInclude>
    <ClInclude Include="deps\imgui\imgui_internal.h">
      <Filter>Header Files</Filter>
    </ClInclude>
    <ClInclude Include="deps\imgui\imstb_rectpack.h">
      <Filter>Header Files</Filter>
    </ClInclude>
    <ClInclude Include="deps\imgui\imstb_textedit.h">
      <Filter>Header Files</Filter>
    </ClInclude>
    <ClInclude Include="deps\imgui\imstb_truetype.h">
      <Filter>Header Files</Filter>
    </ClInclude>
    <ClInclude Include="deps\imgui\ImguiManager.h">
      <Filter>Header Files</Filter>
    </ClInclude>
    <ClInclude Include="source\OgreStableHeaders.h">
      <Filter>Header Files</Filter>
    </ClInclude>
  </ItemGroup>
  <ItemGroup>
    <Natvis Include="deps\misc\natvis\imgui.natvis" />
  </ItemGroup>
</Project>